// !$*UTF8*$!
{
	archiveVersion = 1;
	classes = {
	};
	objectVersion = 77;
	objects = {

/* Begin PBXBuildFile section */
		358B3EC22E4CB56F0045DF6D /* MLX in Frameworks */ = {isa = PBXBuildFile; productRef = 358B3EC12E4CB56F0045DF6D /* MLX */; };
		358B3EC42E4CB56F0045DF6D /* MLXFFT in Frameworks */ = {isa = PBXBuildFile; productRef = 358B3EC32E4CB56F0045DF6D /* MLXFFT */; };
		358B3EC62E4CB56F0045DF6D /* MLXFast in Frameworks */ = {isa = PBXBuildFile; productRef = 358B3EC52E4CB56F0045DF6D /* MLXFast */; };
		358B3EC82E4CB56F0045DF6D /* MLXLinalg in Frameworks */ = {isa = PBXBuildFile; productRef = 358B3EC72E4CB56F0045DF6D /* MLXLinalg */; };
		358B3ECA2E4CB56F0045DF6D /* MLXNN in Frameworks */ = {isa = PBXBuildFile; productRef = 358B3EC92E4CB56F0045DF6D /* MLXNN */; };
		358B3ED72E5042DC0045DF6D /* MLXEmbedders in Frameworks */ = {isa = PBXBuildFile; productRef = 358B3ED62E5042DC0045DF6D /* MLXEmbedders */; };
		358B3ED92E5042DC0045DF6D /* MLXLLM in Frameworks */ = {isa = PBXBuildFile; productRef = 358B3ED82E5042DC0045DF6D /* MLXLLM */; };
		358B3EDB2E5042DC0045DF6D /* MLXLMCommon in Frameworks */ = {isa = PBXBuildFile; productRef = 358B3EDA2E5042DC0045DF6D /* MLXLMCommon */; };
		358B3EDD2E5042DC0045DF6D /* MLXMNIST in Frameworks */ = {isa = PBXBuildFile; productRef = 358B3EDC2E5042DC0045DF6D /* MLXMNIST */; };
		358B3EDF2E5042DC0045DF6D /* MLXVLM in Frameworks */ = {isa = PBXBuildFile; productRef = 358B3EDE2E5042DC0045DF6D /* MLXVLM */; };
		358B3EE12E5042DC0045DF6D /* StableDiffusion in Frameworks */ = {isa = PBXBuildFile; productRef = 358B3EE02E5042DC0045DF6D /* StableDiffusion */; };
		358B3F8B2E51D8BE0045DF6D /* FoundationModels.framework in Frameworks */ = {isa = PBXBuildFile; fileRef = 358B3F8A2E51D8BE0045DF6D /* FoundationModels.framework */; settings = {ATTRIBUTES = (Weak, ); }; };
/* End PBXBuildFile section */

/* Begin PBXFileReference section */
		358B3F8A2E51D8BE0045DF6D /* FoundationModels.framework */ = {isa = PBXFileReference; lastKnownFileType = wrapper.framework; name = FoundationModels.framework; path = System/Library/Frameworks/FoundationModels.framework; sourceTree = SDKROOT; };
		35C66FB72E48B3690016534C /* Idealy.app */ = {isa = PBXFileReference; explicitFileType = wrapper.application; includeInIndex = 0; path = Idealy.app; sourceTree = BUILT_PRODUCTS_DIR; };
/* End PBXFileReference section */

/* Begin PBXFileSystemSynchronizedBuildFileExceptionSet section */
		358B3ECE2E4F55F20045DF6D /* Exceptions for "Idealy" folder in "Idealy" target */ = {
			isa = PBXFileSystemSynchronizedBuildFileExceptionSet;
			membershipExceptions = (
				Info.plist,
			);
			target = 35C66FB62E48B3690016534C /* Idealy */;
		};
/* End PBXFileSystemSynchronizedBuildFileExceptionSet section */

/* Begin PBXFileSystemSynchronizedRootGroup section */
		35C66FB92E48B3690016534C /* Idealy */ = {
			isa = PBXFileSystemSynchronizedRootGroup;
			exceptions = (
				358B3ECE2E4F55F20045DF6D /* Exceptions for "Idealy" folder in "Idealy" target */,
			);
			path = Idealy;
			sourceTree = "<group>";
		};
/* End PBXFileSystemSynchronizedRootGroup section */

/* Begin PBXFrameworksBuildPhase section */
		35C66FB42E48B3690016534C /* Frameworks */ = {
			isa = PBXFrameworksBuildPhase;
			buildActionMask = 2147483647;
			files = (
				358B3F8B2E51D8BE0045DF6D /* FoundationModels.framework in Frameworks */,
				358B3EDF2E5042DC0045DF6D /* MLXVLM in Frameworks */,
				358B3EDD2E5042DC0045DF6D /* MLXMNIST in Frameworks */,
				358B3ED92E5042DC0045DF6D /* MLXLLM in Frameworks */,
				358B3EE12E5042DC0045DF6D /* StableDiffusion in Frameworks */,
				358B3EC62E4CB56F0045DF6D /* MLXFast in Frameworks */,
				358B3EC82E4CB56F0045DF6D /* MLXLinalg in Frameworks */,
				358B3ED72E5042DC0045DF6D /* MLXEmbedders in Frameworks */,
				358B3EC22E4CB56F0045DF6D /* MLX in Frameworks */,
				358B3ECA2E4CB56F0045DF6D /* MLXNN in Frameworks */,
				358B3EDB2E5042DC0045DF6D /* MLXLMCommon in Frameworks */,
				358B3EC42E4CB56F0045DF6D /* MLXFFT in Frameworks */,
			);
			runOnlyForDeploymentPostprocessing = 0;
		};
/* End PBXFrameworksBuildPhase section */

/* Begin PBXGroup section */
		358B3F892E51D8BE0045DF6D /* Frameworks */ = {
			isa = PBXGroup;
			children = (
				358B3F8A2E51D8BE0045DF6D /* FoundationModels.framework */,
			);
			name = Frameworks;
			sourceTree = "<group>";
		};
		35C66FAE2E48B3690016534C = {
			isa = PBXGroup;
			children = (
				35C66FB92E48B3690016534C /* Idealy */,
				358B3F892E51D8BE0045DF6D /* Frameworks */,
				35C66FB82E48B3690016534C /* Products */,
			);
			sourceTree = "<group>";
		};
		35C66FB82E48B3690016534C /* Products */ = {
			isa = PBXGroup;
			children = (
				35C66FB72E48B3690016534C /* Idealy.app */,
			);
			name = Products;
			sourceTree = "<group>";
		};
/* End PBXGroup section */

/* Begin PBXNativeTarget section */
		35C66FB62E48B3690016534C /* Idealy */ = {
			isa = PBXNativeTarget;
			buildConfigurationList = 35C66FC72E48B36B0016534C /* Build configuration list for PBXNativeTarget "Idealy" */;
			buildPhases = (
				35C66FB32E48B3690016534C /* Sources */,
				35C66FB42E48B3690016534C /* Frameworks */,
				35C66FB52E48B3690016534C /* Resources */,
			);
			buildRules = (
			);
			dependencies = (
			);
			fileSystemSynchronizedGroups = (
				35C66FB92E48B3690016534C /* Idealy */,
			);
			name = Idealy;
			packageProductDependencies = (
				358B3EC12E4CB56F0045DF6D /* MLX */,
				358B3EC32E4CB56F0045DF6D /* MLXFFT */,
				358B3EC52E4CB56F0045DF6D /* MLXFast */,
				358B3EC72E4CB56F0045DF6D /* MLXLinalg */,
				358B3EC92E4CB56F0045DF6D /* MLXNN */,
				358B3ED62E5042DC0045DF6D /* MLXEmbedders */,
				358B3ED82E5042DC0045DF6D /* MLXLLM */,
				358B3EDA2E5042DC0045DF6D /* MLXLMCommon */,
				358B3EDC2E5042DC0045DF6D /* MLXMNIST */,
				358B3EDE2E5042DC0045DF6D /* MLXVLM */,
				358B3EE02E5042DC0045DF6D /* StableDiffusion */,
			);
			productName = Idealy;
			productReference = 35C66FB72E48B3690016534C /* Idealy.app */;
			productType = "com.apple.product-type.application";
		};
/* End PBXNativeTarget section */

/* Begin PBXProject section */
		35C66FAF2E48B3690016534C /* Project object */ = {
			isa = PBXProject;
			attributes = {
				BuildIndependentTargetsInParallel = 1;
				LastSwiftUpdateCheck = 2600;
				LastUpgradeCheck = 2600;
				TargetAttributes = {
					35C66FB62E48B3690016534C = {
						CreatedOnToolsVersion = 26.0;
					};
				};
			};
			buildConfigurationList = 35C66FB22E48B3690016534C /* Build configuration list for PBXProject "Idealy" */;
			developmentRegion = en;
			hasScannedForEncodings = 0;
			knownRegions = (
				en,
				Base,
			);
			mainGroup = 35C66FAE2E48B3690016534C;
			minimizedProjectReferenceProxies = 1;
			packageReferences = (
				358B3EC02E4CB56F0045DF6D /* XCRemoteSwiftPackageReference "mlx-swift" */,
				358B3ED52E5042DC0045DF6D /* XCRemoteSwiftPackageReference "mlx-swift-examples" */,
			);
			preferredProjectObjectVersion = 77;
			productRefGroup = 35C66FB82E48B3690016534C /* Products */;
			projectDirPath = "";
			projectRoot = "";
			targets = (
				35C66FB62E48B3690016534C /* Idealy */,
			);
		};
/* End PBXProject section */

/* Begin PBXResourcesBuildPhase section */
		35C66FB52E48B3690016534C /* Resources */ = {
			isa = PBXResourcesBuildPhase;
			buildActionMask = 2147483647;
			files = (
			);
			runOnlyForDeploymentPostprocessing = 0;
		};
/* End PBXResourcesBuildPhase section */

/* Begin PBXSourcesBuildPhase section */
		35C66FB32E48B3690016534C /* Sources */ = {
			isa = PBXSourcesBuildPhase;
			buildActionMask = 2147483647;
			files = (
			);
			runOnlyForDeploymentPostprocessing = 0;
		};
/* End PBXSourcesBuildPhase section */

/* Begin XCBuildConfiguration section */
		35C66FC52E48B36B0016534C /* Debug */ = {
			isa = XCBuildConfiguration;
			buildSettings = {
				ALWAYS_SEARCH_USER_PATHS = NO;
				ASSETCATALOG_COMPILER_GENERATE_SWIFT_ASSET_SYMBOL_EXTENSIONS = YES;
				CLANG_ANALYZER_NONNULL = YES;
				CLANG_ANALYZER_NUMBER_OBJECT_CONVERSION = YES_AGGRESSIVE;
				CLANG_CXX_LANGUAGE_STANDARD = "gnu++20";
				CLANG_ENABLE_MODULES = YES;
				CLANG_ENABLE_OBJC_ARC = YES;
				CLANG_ENABLE_OBJC_WEAK = YES;
				CLANG_WARN_BLOCK_CAPTURE_AUTORELEASING = YES;
				CLANG_WARN_BOOL_CONVERSION = YES;
				CLANG_WARN_COMMA = YES;
				CLANG_WARN_CONSTANT_CONVERSION = YES;
				CLANG_WARN_DEPRECATED_OBJC_IMPLEMENTATIONS = YES;
				CLANG_WARN_DIRECT_OBJC_ISA_USAGE = YES_ERROR;
				CLANG_WARN_DOCUMENTATION_COMMENTS = YES;
				CLANG_WARN_EMPTY_BODY = YES;
				CLANG_WARN_ENUM_CONVERSION = YES;
				CLANG_WARN_INFINITE_RECURSION = YES;
				CLANG_WARN_INT_CONVERSION = YES;
				CLANG_WARN_NON_LITERAL_NULL_CONVERSION = YES;
				CLANG_WARN_OBJC_IMPLICIT_RETAIN_SELF = YES;
				CLANG_WARN_OBJC_LITERAL_CONVERSION = YES;
				CLANG_WARN_OBJC_ROOT_CLASS = YES_ERROR;
				CLANG_WARN_QUOTED_INCLUDE_IN_FRAMEWORK_HEADER = YES;
				CLANG_WARN_RANGE_LOOP_ANALYSIS = YES;
				CLANG_WARN_STRICT_PROTOTYPES = YES;
				CLANG_WARN_SUSPICIOUS_MOVE = YES;
				CLANG_WARN_UNGUARDED_AVAILABILITY = YES_AGGRESSIVE;
				CLANG_WARN_UNREACHABLE_CODE = YES;
				CLANG_WARN__DUPLICATE_METHOD_MATCH = YES;
				COPY_PHASE_STRIP = NO;
				DEBUG_INFORMATION_FORMAT = dwarf;
				DEVELOPMENT_TEAM = UNP26U3B6F;
				ENABLE_STRICT_OBJC_MSGSEND = YES;
				ENABLE_TESTABILITY = YES;
				ENABLE_USER_SCRIPT_SANDBOXING = YES;
				GCC_C_LANGUAGE_STANDARD = gnu17;
				GCC_DYNAMIC_NO_PIC = NO;
				GCC_NO_COMMON_BLOCKS = YES;
				GCC_OPTIMIZATION_LEVEL = 0;
				GCC_PREPROCESSOR_DEFINITIONS = (
					"DEBUG=1",
					"$(inherited)",
				);
				GCC_WARN_64_TO_32_BIT_CONVERSION = YES;
				GCC_WARN_ABOUT_RETURN_TYPE = YES_ERROR;
				GCC_WARN_UNDECLARED_SELECTOR = YES;
				GCC_WARN_UNINITIALIZED_AUTOS = YES_AGGRESSIVE;
				GCC_WARN_UNUSED_FUNCTION = YES;
				GCC_WARN_UNUSED_VARIABLE = YES;
				IPHONEOS_DEPLOYMENT_TARGET = 26.0;
				LOCALIZATION_PREFERS_STRING_CATALOGS = YES;
				MTL_ENABLE_DEBUG_INFO = INCLUDE_SOURCE;
				MTL_FAST_MATH = YES;
				ONLY_ACTIVE_ARCH = YES;
				SDKROOT = iphoneos;
				SWIFT_ACTIVE_COMPILATION_CONDITIONS = "DEBUG $(inherited)";
				SWIFT_OPTIMIZATION_LEVEL = "-Onone";
			};
			name = Debug;
		};
		35C66FC62E48B36B0016534C /* Release */ = {
			isa = XCBuildConfiguration;
			buildSettings = {
				ALWAYS_SEARCH_USER_PATHS = NO;
				ASSETCATALOG_COMPILER_GENERATE_SWIFT_ASSET_SYMBOL_EXTENSIONS = YES;
				CLANG_ANALYZER_NONNULL = YES;
				CLANG_ANALYZER_NUMBER_OBJECT_CONVERSION = YES_AGGRESSIVE;
				CLANG_CXX_LANGUAGE_STANDARD = "gnu++20";
				CLANG_ENABLE_MODULES = YES;
				CLANG_ENABLE_OBJC_ARC = YES;
				CLANG_ENABLE_OBJC_WEAK = YES;
				CLANG_WARN_BLOCK_CAPTURE_AUTORELEASING = YES;
				CLANG_WARN_BOOL_CONVERSION = YES;
				CLANG_WARN_COMMA = YES;
				CLANG_WARN_CONSTANT_CONVERSION = YES;
				CLANG_WARN_DEPRECATED_OBJC_IMPLEMENTATIONS = YES;
				CLANG_WARN_DIRECT_OBJC_ISA_USAGE = YES_ERROR;
				CLANG_WARN_DOCUMENTATION_COMMENTS = YES;
				CLANG_WARN_EMPTY_BODY = YES;
				CLANG_WARN_ENUM_CONVERSION = YES;
				CLANG_WARN_INFINITE_RECURSION = YES;
				CLANG_WARN_INT_CONVERSION = YES;
				CLANG_WARN_NON_LITERAL_NULL_CONVERSION = YES;
				CLANG_WARN_OBJC_IMPLICIT_RETAIN_SELF = YES;
				CLANG_WARN_OBJC_LITERAL_CONVERSION = YES;
				CLANG_WARN_OBJC_ROOT_CLASS = YES_ERROR;
				CLANG_WARN_QUOTED_INCLUDE_IN_FRAMEWORK_HEADER = YES;
				CLANG_WARN_RANGE_LOOP_ANALYSIS = YES;
				CLANG_WARN_STRICT_PROTOTYPES = YES;
				CLANG_WARN_SUSPICIOUS_MOVE = YES;
				CLANG_WARN_UNGUARDED_AVAILABILITY = YES_AGGRESSIVE;
				CLANG_WARN_UNREACHABLE_CODE = YES;
				CLANG_WARN__DUPLICATE_METHOD_MATCH = YES;
				COPY_PHASE_STRIP = NO;
				DEBUG_INFORMATION_FORMAT = "dwarf-with-dsym";
				DEVELOPMENT_TEAM = UNP26U3B6F;
				ENABLE_NS_ASSERTIONS = NO;
				ENABLE_STRICT_OBJC_MSGSEND = YES;
				ENABLE_USER_SCRIPT_SANDBOXING = YES;
				GCC_C_LANGUAGE_STANDARD = gnu17;
				GCC_NO_COMMON_BLOCKS = YES;
				GCC_WARN_64_TO_32_BIT_CONVERSION = YES;
				GCC_WARN_ABOUT_RETURN_TYPE = YES_ERROR;
				GCC_WARN_UNDECLARED_SELECTOR = YES;
				GCC_WARN_UNINITIALIZED_AUTOS = YES_AGGRESSIVE;
				GCC_WARN_UNUSED_FUNCTION = YES;
				GCC_WARN_UNUSED_VARIABLE = YES;
				IPHONEOS_DEPLOYMENT_TARGET = 26.0;
				LOCALIZATION_PREFERS_STRING_CATALOGS = YES;
				MTL_ENABLE_DEBUG_INFO = NO;
				MTL_FAST_MATH = YES;
				SDKROOT = iphoneos;
				SWIFT_COMPILATION_MODE = wholemodule;
				VALIDATE_PRODUCT = YES;
			};
			name = Release;
		};
		35C66FC82E48B36B0016534C /* Debug */ = {
			isa = XCBuildConfiguration;
			buildSettings = {
				ASSETCATALOG_COMPILER_APPICON_NAME = AppIcon;
				ASSETCATALOG_COMPILER_GLOBAL_ACCENT_COLOR_NAME = AccentColor;
				CODE_SIGN_STYLE = Automatic;
				CURRENT_PROJECT_VERSION = 1;
				DEVELOPMENT_TEAM = UNP26U3B6F;
				ENABLE_PREVIEWS = YES;
				GENERATE_INFOPLIST_FILE = YES;
				INFOPLIST_FILE = Idealy/Info.plist;
				INFOPLIST_KEY_NSMicrophoneUsageDescription = "This app needs microphone access to transcribe your voice into\n  text for idea capture.";
				INFOPLIST_KEY_NSSpeechRecognitionUsageDescription = "This app uses speech recognition to convert your voice to text for\n   better idea input.";
				INFOPLIST_KEY_UIApplicationSceneManifest_Generation = YES;
				INFOPLIST_KEY_UIApplicationSupportsIndirectInputEvents = YES;
				INFOPLIST_KEY_UILaunchScreen_Generation = YES;
				INFOPLIST_KEY_UISupportedInterfaceOrientations_iPad = "UIInterfaceOrientationPortrait UIInterfaceOrientationPortraitUpsideDown UIInterfaceOrientationLandscapeLeft UIInterfaceOrientationLandscapeRight";
				INFOPLIST_KEY_UISupportedInterfaceOrientations_iPhone = "UIInterfaceOrientationPortrait UIInterfaceOrientationLandscapeLeft UIInterfaceOrientationLandscapeRight";
				LD_RUNPATH_SEARCH_PATHS = (
					"$(inherited)",
					"@executable_path/Frameworks",
				);
				MARKETING_VERSION = 1.0;
				PRODUCT_BUNDLE_IDENTIFIER = LoadingJohn.Idealy;
				PRODUCT_NAME = "$(TARGET_NAME)";
				STRING_CATALOG_GENERATE_SYMBOLS = YES;
				SWIFT_DEFAULT_ACTOR_ISOLATION = MainActor;
				SWIFT_EMIT_LOC_STRINGS = YES;
				SWIFT_UPCOMING_FEATURE_MEMBER_IMPORT_VISIBILITY = YES;
				SWIFT_VERSION = 5.0;
				TARGETED_DEVICE_FAMILY = "1,2";
			};
			name = Debug;
		};
		35C66FC92E48B36B0016534C /* Release */ = {
			isa = XCBuildConfiguration;
			buildSettings = {
				ASSETCATALOG_COMPILER_APPICON_NAME = AppIcon;
				ASSETCATALOG_COMPILER_GLOBAL_ACCENT_COLOR_NAME = AccentColor;
				CODE_SIGN_STYLE = Automatic;
				CURRENT_PROJECT_VERSION = 1;
				DEVELOPMENT_TEAM = UNP26U3B6F;
				ENABLE_PREVIEWS = YES;
				GENERATE_INFOPLIST_FILE = YES;
				INFOPLIST_FILE = Idealy/Info.plist;
				INFOPLIST_KEY_NSMicrophoneUsageDescription = "This app needs microphone access to transcribe your voice into\n  text for idea capture.";
				INFOPLIST_KEY_NSSpeechRecognitionUsageDescription = "This app uses speech recognition to convert your voice to text for\n   better idea input.";
				INFOPLIST_KEY_UIApplicationSceneManifest_Generation = YES;
				INFOPLIST_KEY_UIApplicationSupportsIndirectInputEvents = YES;
				INFOPLIST_KEY_UILaunchScreen_Generation = YES;
				INFOPLIST_KEY_UISupportedInterfaceOrientations_iPad = "UIInterfaceOrientationPortrait UIInterfaceOrientationPortraitUpsideDown UIInterfaceOrientationLandscapeLeft UIInterfaceOrientationLandscapeRight";
				INFOPLIST_KEY_UISupportedInterfaceOrientations_iPhone = "UIInterfaceOrientationPortrait UIInterfaceOrientationLandscapeLeft UIInterfaceOrientationLandscapeRight";
				LD_RUNPATH_SEARCH_PATHS = (
					"$(inherited)",
					"@executable_path/Frameworks",
				);
				MARKETING_VERSION = 1.0;
				PRODUCT_BUNDLE_IDENTIFIER = LoadingJohn.Idealy;
				PRODUCT_NAME = "$(TARGET_NAME)";
				STRING_CATALOG_GENERATE_SYMBOLS = YES;
				SWIFT_DEFAULT_ACTOR_ISOLATION = MainActor;
				SWIFT_EMIT_LOC_STRINGS = YES;
				SWIFT_UPCOMING_FEATURE_MEMBER_IMPORT_VISIBILITY = YES;
				SWIFT_VERSION = 5.0;
				TARGETED_DEVICE_FAMILY = "1,2";
			};
			name = Release;
		};
/* End XCBuildConfiguration section */

/* Begin XCConfigurationList section */
		35C66FB22E48B3690016534C /* Build configuration list for PBXProject "Idealy" */ = {
			isa = XCConfigurationList;
			buildConfigurations = (
				35C66FC52E48B36B0016534C /* Debug */,
				35C66FC62E48B36B0016534C /* Release */,
			);
			defaultConfigurationIsVisible = 0;
			defaultConfigurationName = Release;
		};
		35C66FC72E48B36B0016534C /* Build configuration list for PBXNativeTarget "Idealy" */ = {
			isa = XCConfigurationList;
			buildConfigurations = (
				35C66FC82E48B36B0016534C /* Debug */,
				35C66FC92E48B36B0016534C /* Release */,
			);
			defaultConfigurationIsVisible = 0;
			defaultConfigurationName = Release;
		};
/* End XCConfigurationList section */

/* Begin XCRemoteSwiftPackageReference section */
		358B3EC02E4CB56F0045DF6D /* XCRemoteSwiftPackageReference "mlx-swift" */ = {
			isa = XCRemoteSwiftPackageReference;
			repositoryURL = "https://github.com/ml-explore/mlx-swift";
			requirement = {
				kind = upToNextMajorVersion;
				minimumVersion = 0.25.6;
			};
		};
		358B3ED52E5042DC0045DF6D /* XCRemoteSwiftPackageReference "mlx-swift-examples" */ = {
			isa = XCRemoteSwiftPackageReference;
			repositoryURL = "https://github.com/ml-explore/mlx-swift-examples.git";
			requirement = {
				kind = upToNextMajorVersion;
				minimumVersion = 2.25.5;
			};
		};
/* End XCRemoteSwiftPackageReference section */

/* Begin XCSwiftPackageProductDependency section */
		358B3EC12E4CB56F0045DF6D /* MLX */ = {
			isa = XCSwiftPackageProductDependency;
			package = 358B3EC02E4CB56F0045DF6D /* XCRemoteSwiftPackageReference "mlx-swift" */;
			productName = MLX;
		};
		358B3EC32E4CB56F0045DF6D /* MLXFFT */ = {
			isa = XCSwiftPackageProductDependency;
			package = 358B3EC02E4CB56F0045DF6D /* XCRemoteSwiftPackageReference "mlx-swift" */;
			productName = MLXFFT;
		};
		358B3EC52E4CB56F0045DF6D /* MLXFast */ = {
			isa = XCSwiftPackageProductDependency;
			package = 358B3EC02E4CB56F0045DF6D /* XCRemoteSwiftPackageReference "mlx-swift" */;
			productName = MLXFast;
		};
		358B3EC72E4CB56F0045DF6D /* MLXLinalg */ = {
			isa = XCSwiftPackageProductDependency;
			package = 358B3EC02E4CB56F0045DF6D /* XCRemoteSwiftPackageReference "mlx-swift" */;
			productName = MLXLinalg;
		};
		358B3EC92E4CB56F0045DF6D /* MLXNN */ = {
			isa = XCSwiftPackageProductDependency;
			package = 358B3EC02E4CB56F0045DF6D /* XCRemoteSwiftPackageReference "mlx-swift" */;
			productName = MLXNN;
		};
		358B3ED62E5042DC0045DF6D /* MLXEmbedders */ = {
			isa = XCSwiftPackageProductDependency;
			package = 358B3ED52E5042DC0045DF6D /* XCRemoteSwiftPackageReference "mlx-swift-examples" */;
			productName = MLXEmbedders;
		};
		358B3ED82E5042DC0045DF6D /* MLXLLM */ = {
			isa = XCSwiftPackageProductDependency;
			package = 358B3ED52E5042DC0045DF6D /* XCRemoteSwiftPackageReference "mlx-swift-examples" */;
			productName = MLXLLM;
		};
		358B3EDA2E5042DC0045DF6D /* MLXLMCommon */ = {
			isa = XCSwiftPackageProductDependency;
			package = 358B3ED52E5042DC0045DF6D /* XCRemoteSwiftPackageReference "mlx-swift-examples" */;
			productName = MLXLMCommon;
		};
		358B3EDC2E5042DC0045DF6D /* MLXMNIST */ = {
			isa = XCSwiftPackageProductDependency;
			package = 358B3ED52E5042DC0045DF6D /* XCRemoteSwiftPackageReference "mlx-swift-examples" */;
			productName = MLXMNIST;
		};
		358B3EDE2E5042DC0045DF6D /* MLXVLM */ = {
			isa = XCSwiftPackageProductDependency;
			package = 358B3ED52E5042DC0045DF6D /* XCRemoteSwiftPackageReference "mlx-swift-examples" */;
			productName = MLXVLM;
		};
		358B3EE02E5042DC0045DF6D /* StableDiffusion */ = {
			isa = XCSwiftPackageProductDependency;
			package = 358B3ED52E5042DC0045DF6D /* XCRemoteSwiftPackageReference "mlx-swift-examples" */;
			productName = StableDiffusion;
		};
/* End XCSwiftPackageProductDependency section */
	};
	rootObject = 35C66FAF2E48B3690016534C /* Project object */;
}
